<?xml version="1.0" encoding="utf-8"?>
<Project ToolsVersion="4.0" xmlns="http://schemas.microsoft.com/developer/msbuild/2003">
  <ItemGroup>
    <Filter Include="Source Files">
      <UniqueIdentifier>{D7B7A63B-9EFE-4FC9-A989-6F59A41FF6A4}</UniqueIdentifier>
      <Extensions>cpp;c;cc;cxx;def;odl;idl;hpj;bat;asm;asmx</Extensions>
    </Filter>
    <Filter Include="Header Files">
      <UniqueIdentifier>{B54B2837-B3E1-46FA-B520-2D95A99A87B8}</UniqueIdentifier>
      <Extensions>h;hh;hpp;hxx;hm;inl;inc;ipp;xsd</Extensions>
    </Filter>
    <Filter Include="Resource Files">
      <UniqueIdentifier>{2C8D273A-5308-4905-A785-D582FB82692A}</UniqueIdentifier>
      <Extensions>rc;ico;cur;bmp;dlg;rc2;rct;bin;rgs;gif;jpg;jpeg;jpe;resx;tiff;tif;png;wav</Extensions>
    </Filter>
    <Filter Include="Source Files\Scintilla">
      <UniqueIdentifier>{10B17D54-65CC-4D63-90B1-D98F1AD85A6A}</UniqueIdentifier>
    </Filter>
    <Filter Include="Header Files\Scintilla">
      <UniqueIdentifier>{B98059D8-F1D5-43D1-B582-C900D2233468}</UniqueIdentifier>
    </Filter>
  </ItemGroup>
  <ItemGroup>
    <ClCompile Include="fed.cpp">
      <Filter>Source Files</Filter>
    </ClCompile>
    <ClCompile Include="..\scintilla\src\*.cxx">
      <Filter>Source Files\Scintilla</Filter>
    </ClCompile>
    <ClCompile Include="..\scintilla\win32\HanjaDic.cxx">
      <Filter>Source Files\Scintilla</Filter>
    </ClCompile>
    <ClCompile Include="..\scintilla\win32\ListBox.cxx">
      <Filter>Source Files\Scintilla</Filter>
    </ClCompile>
    <ClCompile Include="..\scintilla\win32\PlatWin.cxx">
      <Filter>Source Files\Scintilla</Filter>
    </ClCompile>
    <ClCompile Include="..\scintilla\win32\ScintillaWin.cxx">
      <Filter>Source Files\Scintilla</Filter>
    </ClCompile>
    <ClCompile Include="..\scintilla\win32\SurfaceD2D.cxx">
      <Filter>Source Files\Scintilla</Filter>
    </ClCompile>
    <ClCompile Include="..\scintilla\win32\SurfaceGDI.cxx">
      <Filter>Source Files\Scintilla</Filter>
    </ClCompile>
  </ItemGroup>
  <ItemGroup>
    <ClInclude Include="resource.h">
      <Filter>Header Files</Filter>
    </ClInclude>
    <ClInclude Include="..\scintilla\include\*.h">
      <Filter>Header Files\Scintilla</Filter>
    </ClInclude>
    <ClInclude Include="..\scintilla\src\*.h">
      <Filter>Header Files\Scintilla</Filter>
    </ClInclude>
    <ClInclude Include="..\scintilla\win32\*.h">
      <Filter>Header Files\Scintilla</Filter>
    </ClInclude>
  </ItemGroup>
  <ItemGroup>
    <ResourceCompile Include="fed.rc">
      <Filter>Resource Files</Filter>
    </ResourceCompile>
  </ItemGroup>
  <ItemGroup>
    <None Include="fed.manifest">
      <Filter>Resource Files</Filter>
    </None>
  </ItemGroup>
</Project>
